
Microsoft Visual Studio Solution File, Format Version 12.00
# Visual Studio Version 17
VisualStudioVersion = 17.7.34024.191
MinimumVisualStudioVersion = 10.0.40219.1
Project("{9A19103F-16F7-4668-BE54-9A1E7A4F7556}") = "Arac.Satis.UI", "Arac.Satis.UI.csproj", "{BFD06B6F-2046-4A5D-BEEB-F4C4140262D5}"
EndProject
Global
	GlobalSection(SolutionConfigurationPlatforms) = preSolution
		Debug|Any CPU = Debug|Any CPU
		Release|Any CPU = Release|Any CPU
	EndGlobalSection
	GlobalSection(ProjectConfigurationPlatforms) = postSolution
		{BFD06B6F-2046-4A5D-BEEB-F4C4140262D5}.Debug|Any CPU.ActiveCfg = Debug|Any CPU
		{BFD06B6F-2046-4A5D-BEEB-F4C4140262D5}.Debug|Any CPU.Build.0 = Debug|Any CPU
		{BFD06B6F-2046-4A5D-BEEB-F4C4140262D5}.Release|Any CPU.ActiveCfg = Release|Any CPU
		{BFD06B6F-2046-4A5D-BEEB-F4C4140262D5}.Release|Any CPU.Build.0 = Release|Any CPU
	EndGlobalSection
	GlobalSection(SolutionProperties) = preSolution
		HideSolutionNode = FALSE
	EndGlobalSection
	GlobalSection(ExtensibilityGlobals) = postSolution
		SolutionGuid = {A6F79694-6494-4BC2-B69D-D181F7252317}
	EndGlobalSection
EndGlobal
